
Microsoft Visual Studio Solution File, Format Version 12.00
# Visual Studio Version 16
VisualStudioVersion = 16.0.29806.167
MinimumVisualStudioVersion = 10.0.40219.1
Project("{9A19103F-16F7-4668-BE54-9A1E7A4F7556}") = "Cloudy.Web", "Cloudy.Web.csproj", "{9F8FB470-3F21-4EF2-93F5-D9AE14E46E8A}"
EndProject
Project("{2150E333-8FDC-42A3-9474-1A3956D46DE8}") = "Solution items", "Solution items", "{FF6D9B01-BC1F-4A5C-8322-F9CD16306936}"
	ProjectSection(SolutionItems) = preProject
		.gitignore = .gitignore
		build.ps1 = build.ps1
		Dockerfile = Dockerfile
	EndProjectSection
EndProject
Project("{9A19103F-16F7-4668-BE54-9A1E7A4F7556}") = "Cloudy.CMS", "..\cloudy-cms\Cloudy.CMS\Cloudy.CMS.csproj", "{3D9DEB99-C557-454A-A3E1-6675C30DDE66}"
EndProject
Project("{9A19103F-16F7-4668-BE54-9A1E7A4F7556}") = "Cloudy.CMS.UI", "..\cloudy-cms\Cloudy.CMS.UI\Cloudy.CMS.UI.csproj", "{6B3B6911-91A8-4967-9E8F-ED68EE1D6BD4}"
EndProject
Global
	GlobalSection(SolutionConfigurationPlatforms) = preSolution
		Debug|Any CPU = Debug|Any CPU
		Release|Any CPU = Release|Any CPU
	EndGlobalSection
	GlobalSection(ProjectConfigurationPlatforms) = postSolution
		{9F8FB470-3F21-4EF2-93F5-D9AE14E46E8A}.Debug|Any CPU.ActiveCfg = Debug|Any CPU
		{9F8FB470-3F21-4EF2-93F5-D9AE14E46E8A}.Debug|Any CPU.Build.0 = Debug|Any CPU
		{9F8FB470-3F21-4EF2-93F5-D9AE14E46E8A}.Release|Any CPU.ActiveCfg = Release|Any CPU
		{9F8FB470-3F21-4EF2-93F5-D9AE14E46E8A}.Release|Any CPU.Build.0 = Release|Any CPU
		{3D9DEB99-C557-454A-A3E1-6675C30DDE66}.Debug|Any CPU.ActiveCfg = Debug|Any CPU
		{3D9DEB99-C557-454A-A3E1-6675C30DDE66}.Debug|Any CPU.Build.0 = Debug|Any CPU
		{3D9DEB99-C557-454A-A3E1-6675C30DDE66}.Release|Any CPU.ActiveCfg = Release|Any CPU
		{3D9DEB99-C557-454A-A3E1-6675C30DDE66}.Release|Any CPU.Build.0 = Release|Any CPU
		{6B3B6911-91A8-4967-9E8F-ED68EE1D6BD4}.Debug|Any CPU.ActiveCfg = Debug|Any CPU
		{6B3B6911-91A8-4967-9E8F-ED68EE1D6BD4}.Debug|Any CPU.Build.0 = Debug|Any CPU
		{6B3B6911-91A8-4967-9E8F-ED68EE1D6BD4}.Release|Any CPU.ActiveCfg = Release|Any CPU
		{6B3B6911-91A8-4967-9E8F-ED68EE1D6BD4}.Release|Any CPU.Build.0 = Release|Any CPU
	EndGlobalSection
	GlobalSection(SolutionProperties) = preSolution
		HideSolutionNode = FALSE
	EndGlobalSection
	GlobalSection(ExtensibilityGlobals) = postSolution
		SolutionGuid = {800A4BD8-A0EC-48CA-8E53-33E398D5DA4D}
	EndGlobalSection
EndGlobal
